
Microsoft Visual Studio Solution File, Format Version 12.00
# Visual Studio 14
VisualStudioVersion = 14.0.25420.1
MinimumVisualStudioVersion = 10.0.40219.1
Project("{FAE04EC0-301F-11D3-BF4B-00C04F79EFBC}") = "ASP_MVC_Backpackes", "ASP_MVC_Backpackes\ASP_MVC_Backpackes.csproj", "{6B4FFD3F-82F0-4BFA-BF5F-D7D0D3FCC053}"
EndProject
Global
	GlobalSection(SolutionConfigurationPlatforms) = preSolution
		Debug|Any CPU = Debug|Any CPU
		Release|Any CPU = Release|Any CPU
	EndGlobalSection
	GlobalSection(ProjectConfigurationPlatforms) = postSolution
		{6B4FFD3F-82F0-4BFA-BF5F-D7D0D3FCC053}.Debug|Any CPU.ActiveCfg = Debug|Any CPU
		{6B4FFD3F-82F0-4BFA-BF5F-D7D0D3FCC053}.Debug|Any CPU.Build.0 = Debug|Any CPU
		{6B4FFD3F-82F0-4BFA-BF5F-D7D0D3FCC053}.Release|Any CPU.ActiveCfg = Release|Any CPU
		{6B4FFD3F-82F0-4BFA-BF5F-D7D0D3FCC053}.Release|Any CPU.Build.0 = Release|Any CPU
	EndGlobalSection
	GlobalSection(SolutionProperties) = preSolution
		HideSolutionNode = FALSE
	EndGlobalSection
EndGlobal
